
Microsoft Visual Studio Solution File, Format Version 12.00
# Visual Studio Version 17
VisualStudioVersion = 17.11.35312.102
MinimumVisualStudioVersion = 10.0.40219.1
Project("{2150E333-8FDC-42A3-9474-1A3956D46DE8}") = "CardManagement", "CardManagement", "{25CDD9D8-6F85-42BA-AABF-0B16214949F1}"
EndProject
Project("{FAE04EC0-301F-11D3-BF4B-00C04F79EFBC}") = "CardManagement.API", "CardManagement\CardManagement.API\CardManagement.API.csproj", "{0B342716-7EEB-40DE-BE9B-8C98B6B1B8EA}"
EndProject
Project("{FAE04EC0-301F-11D3-BF4B-00C04F79EFBC}") = "CardManagement.Application", "CardManagement\CardManagement.Application\CardManagement.Application.csproj", "{D1225B9E-B73C-4D5F-83C0-C25331AB094B}"
EndProject
Project("{FAE04EC0-301F-11D3-BF4B-00C04F79EFBC}") = "CardManagement.Infrastructure", "CardManagement\CardManagement.Infrastructure\CardManagement.Infrastructure.csproj", "{EB78A416-2C74-4E67-BEF1-B04BCD5CB2F4}"
EndProject
Project("{FAE04EC0-301F-11D3-BF4B-00C04F79EFBC}") = "CardManagement.Domain", "CardManagement\CardManagement.Domain\CardManagement.Domain.csproj", "{E145F416-CC10-47CA-B134-2CEE89CC6AFD}"
EndProject
Project("{2150E333-8FDC-42A3-9474-1A3956D46DE8}") = "TransactionManagement", "TransactionManagement", "{C9997767-E12A-4481-BB6D-81B47E2548E1}"
EndProject
Project("{FAE04EC0-301F-11D3-BF4B-00C04F79EFBC}") = "Transaction.API", "TransactionManagement\Transaction.API\Transaction.API.csproj", "{9D4711F1-BAB5-4D69-B14F-425C64EFE359}"
EndProject
Project("{FAE04EC0-301F-11D3-BF4B-00C04F79EFBC}") = "Domain", "TransactionManagement\Domain\Domain.csproj", "{BBB0A856-FACA-414F-AFA0-845147E8497E}"
EndProject
Project("{FAE04EC0-301F-11D3-BF4B-00C04F79EFBC}") = "Application", "TransactionManagement\Application\Application.csproj", "{6337E136-CE0D-4268-BDB8-DDFC20A9DB87}"
EndProject
Project("{FAE04EC0-301F-11D3-BF4B-00C04F79EFBC}") = "Infrastructure", "TransactionManagement\Infrastructure\Infrastructure.csproj", "{B2F1F10B-90CF-4046-B955-B2ABFD0B6F53}"
EndProject
Global
	GlobalSection(SolutionConfigurationPlatforms) = preSolution
		Debug|Any CPU = Debug|Any CPU
		Release|Any CPU = Release|Any CPU
	EndGlobalSection
	GlobalSection(ProjectConfigurationPlatforms) = postSolution
		{0B342716-7EEB-40DE-BE9B-8C98B6B1B8EA}.Debug|Any CPU.ActiveCfg = Debug|Any CPU
		{0B342716-7EEB-40DE-BE9B-8C98B6B1B8EA}.Debug|Any CPU.Build.0 = Debug|Any CPU
		{0B342716-7EEB-40DE-BE9B-8C98B6B1B8EA}.Release|Any CPU.ActiveCfg = Release|Any CPU
		{0B342716-7EEB-40DE-BE9B-8C98B6B1B8EA}.Release|Any CPU.Build.0 = Release|Any CPU
		{D1225B9E-B73C-4D5F-83C0-C25331AB094B}.Debug|Any CPU.ActiveCfg = Debug|Any CPU
		{D1225B9E-B73C-4D5F-83C0-C25331AB094B}.Debug|Any CPU.Build.0 = Debug|Any CPU
		{D1225B9E-B73C-4D5F-83C0-C25331AB094B}.Release|Any CPU.ActiveCfg = Release|Any CPU
		{D1225B9E-B73C-4D5F-83C0-C25331AB094B}.Release|Any CPU.Build.0 = Release|Any CPU
		{EB78A416-2C74-4E67-BEF1-B04BCD5CB2F4}.Debug|Any CPU.ActiveCfg = Debug|Any CPU
		{EB78A416-2C74-4E67-BEF1-B04BCD5CB2F4}.Debug|Any CPU.Build.0 = Debug|Any CPU
		{EB78A416-2C74-4E67-BEF1-B04BCD5CB2F4}.Release|Any CPU.ActiveCfg = Release|Any CPU
		{EB78A416-2C74-4E67-BEF1-B04BCD5CB2F4}.Release|Any CPU.Build.0 = Release|Any CPU
		{E145F416-CC10-47CA-B134-2CEE89CC6AFD}.Debug|Any CPU.ActiveCfg = Debug|Any CPU
		{E145F416-CC10-47CA-B134-2CEE89CC6AFD}.Debug|Any CPU.Build.0 = Debug|Any CPU
		{E145F416-CC10-47CA-B134-2CEE89CC6AFD}.Release|Any CPU.ActiveCfg = Release|Any CPU
		{E145F416-CC10-47CA-B134-2CEE89CC6AFD}.Release|Any CPU.Build.0 = Release|Any CPU
		{9D4711F1-BAB5-4D69-B14F-425C64EFE359}.Debug|Any CPU.ActiveCfg = Debug|Any CPU
		{9D4711F1-BAB5-4D69-B14F-425C64EFE359}.Debug|Any CPU.Build.0 = Debug|Any CPU
		{9D4711F1-BAB5-4D69-B14F-425C64EFE359}.Release|Any CPU.ActiveCfg = Release|Any CPU
		{9D4711F1-BAB5-4D69-B14F-425C64EFE359}.Release|Any CPU.Build.0 = Release|Any CPU
		{BBB0A856-FACA-414F-AFA0-845147E8497E}.Debug|Any CPU.ActiveCfg = Debug|Any CPU
		{BBB0A856-FACA-414F-AFA0-845147E8497E}.Debug|Any CPU.Build.0 = Debug|Any CPU
		{BBB0A856-FACA-414F-AFA0-845147E8497E}.Release|Any CPU.ActiveCfg = Release|Any CPU
		{BBB0A856-FACA-414F-AFA0-845147E8497E}.Release|Any CPU.Build.0 = Release|Any CPU
		{6337E136-CE0D-4268-BDB8-DDFC20A9DB87}.Debug|Any CPU.ActiveCfg = Debug|Any CPU
		{6337E136-CE0D-4268-BDB8-DDFC20A9DB87}.Debug|Any CPU.Build.0 = Debug|Any CPU
		{6337E136-CE0D-4268-BDB8-DDFC20A9DB87}.Release|Any CPU.ActiveCfg = Release|Any CPU
		{6337E136-CE0D-4268-BDB8-DDFC20A9DB87}.Release|Any CPU.Build.0 = Release|Any CPU
		{B2F1F10B-90CF-4046-B955-B2ABFD0B6F53}.Debug|Any CPU.ActiveCfg = Debug|Any CPU
		{B2F1F10B-90CF-4046-B955-B2ABFD0B6F53}.Debug|Any CPU.Build.0 = Debug|Any CPU
		{B2F1F10B-90CF-4046-B955-B2ABFD0B6F53}.Release|Any CPU.ActiveCfg = Release|Any CPU
		{B2F1F10B-90CF-4046-B955-B2ABFD0B6F53}.Release|Any CPU.Build.0 = Release|Any CPU
	EndGlobalSection
	GlobalSection(SolutionProperties) = preSolution
		HideSolutionNode = FALSE
	EndGlobalSection
	GlobalSection(NestedProjects) = preSolution
		{0B342716-7EEB-40DE-BE9B-8C98B6B1B8EA} = {25CDD9D8-6F85-42BA-AABF-0B16214949F1}
		{D1225B9E-B73C-4D5F-83C0-C25331AB094B} = {25CDD9D8-6F85-42BA-AABF-0B16214949F1}
		{EB78A416-2C74-4E67-BEF1-B04BCD5CB2F4} = {25CDD9D8-6F85-42BA-AABF-0B16214949F1}
		{E145F416-CC10-47CA-B134-2CEE89CC6AFD} = {25CDD9D8-6F85-42BA-AABF-0B16214949F1}
		{9D4711F1-BAB5-4D69-B14F-425C64EFE359} = {C9997767-E12A-4481-BB6D-81B47E2548E1}
		{BBB0A856-FACA-414F-AFA0-845147E8497E} = {C9997767-E12A-4481-BB6D-81B47E2548E1}
		{6337E136-CE0D-4268-BDB8-DDFC20A9DB87} = {C9997767-E12A-4481-BB6D-81B47E2548E1}
		{B2F1F10B-90CF-4046-B955-B2ABFD0B6F53} = {C9997767-E12A-4481-BB6D-81B47E2548E1}
	EndGlobalSection
	GlobalSection(ExtensibilityGlobals) = postSolution
		SolutionGuid = {AA724916-3E93-4DB8-B05B-1D83CA9F28C7}
	EndGlobalSection
EndGlobal
